// !$*UTF8*$!
{
	archiveVersion = 1;
	classes = {
	};
	objectVersion = 46;
	objects = {

/* Begin PBXBuildFile section */
		0546D1A38E13BD319CC9755B /* OscReceivedElements.cpp in Sources */ = {isa = PBXBuildFile; fileRef = 9BF3AA0D4FAA89D0F8A0E545 /* OscReceivedElements.cpp */; };
		0AE5FCAB0F4DAF01D7EE1ED8 /* ofApp.cpp~ in Sources */ = {isa = PBXBuildFile; fileRef = ED0942189466F13A470C6197 /* ofApp.cpp~ */; };
		11DF9AB1B4EAA63E3B190CA0 /* ofxSyphonServerDirectory.mm in Sources */ = {isa = PBXBuildFile; fileRef = E723BEF4C55D236E24639608 /* ofxSyphonServerDirectory.mm */; };
		1F558B76FB3412843DDAA031 /* ofxSyphonClient.mm in Sources */ = {isa = PBXBuildFile; fileRef = 03EA4DA95B5E1B8409FC058E /* ofxSyphonClient.mm */; };
		209AFB107D047F65554FAE1E /* ofApp.h~ in Sources */ = {isa = PBXBuildFile; fileRef = 4F940207C7DF8167850BADD2 /* ofApp.h~ */; };
		2302C21FAE47D435CF095990 /* PacketCache.cpp in Sources */ = {isa = PBXBuildFile; fileRef = 2D623880D84A52CF35CA2160 /* PacketCache.cpp */; };
		25F76A53846BBC81A84C5519 /* AudioParameters.cpp in Sources */ = {isa = PBXBuildFile; fileRef = C0C7A497249DBD2F8DE862C9 /* AudioParameters.cpp */; };
		4774F36141444127CFF18422 /* AudioThread.cpp in Sources */ = {isa = PBXBuildFile; fileRef = 1700621FD10DE4D4F9697B24 /* AudioThread.cpp */; };
		4ADB88E2FB52E76A471065DE /* ofxOscParameterSync.cpp in Sources */ = {isa = PBXBuildFile; fileRef = 0AED834CE4DEC5260AF302A2 /* ofxOscParameterSync.cpp */; };
		4B9BF6D1580B334023C9FA9F /* AudioResampler.cpp in Sources */ = {isa = PBXBuildFile; fileRef = 5F2DF17E9FEFBA2715A7A317 /* AudioResampler.cpp */; };
		4D508D34156E7076531D9084 /* Syphon.framework in CopyFiles */ = {isa = PBXBuildFile; fileRef = D58DCB2C0AEFDE6171E29540 /* Syphon.framework */; };
		4EC00043E3376C87F0ECA874 /* RingBuffer.cpp in Sources */ = {isa = PBXBuildFile; fileRef = 9A8EC2BF48E2C3C42C379138 /* RingBuffer.cpp */; };
		510CAFE035E576A4E1502D52 /* UdpSocket.cpp in Sources */ = {isa = PBXBuildFile; fileRef = E6DEF695B88BA5FAACEAA937 /* UdpSocket.cpp */; };
		5864AD82E20F15536D054EA3 /* ofxOscMessage.cpp in Sources */ = {isa = PBXBuildFile; fileRef = DF49D76C45D5DB505A234880 /* ofxOscMessage.cpp */; };
		5A4349E9754D6FA14C0F2A3A /* tinyxmlparser.cpp in Sources */ = {isa = PBXBuildFile; fileRef = FC5DA1C87211D4F6377DA719 /* tinyxmlparser.cpp */; };
		62545D179C94265CA1389D4A /* OscOutboundPacketStream.cpp in Sources */ = {isa = PBXBuildFile; fileRef = 63A47AC60FFAFC3BF093EC0F /* OscOutboundPacketStream.cpp */; };
		63B57AC5BF4EF088491E0317 /* ofxXmlSettings.cpp in Sources */ = {isa = PBXBuildFile; fileRef = 50DF87D612C5AAE17AAFA6C0 /* ofxXmlSettings.cpp */; };
		640279EE111671BD026CB013 /* ofxOscReceiver.cpp in Sources */ = {isa = PBXBuildFile; fileRef = C2FAC65C491D4231379F3298 /* ofxOscReceiver.cpp */; };
		67FE4C7B15C2F0478C8126C2 /* NetworkingUtils.cpp in Sources */ = {isa = PBXBuildFile; fileRef = 3B361208CD4107E479F04E7B /* NetworkingUtils.cpp */; };
		6D4C0ECBC21CF195A5BDBE31 /* Demuxer.cpp in Sources */ = {isa = PBXBuildFile; fileRef = EE008DE736F55C209519A9B1 /* Demuxer.cpp */; };
		72A929D3561B8232A182ABFC /* ofxOscBundle.cpp in Sources */ = {isa = PBXBuildFile; fileRef = 65EEFA3DA3526E9CDD9C21F9 /* ofxOscBundle.cpp */; };
		879A251454401BC0B6E4F238 /* OscTypes.cpp in Sources */ = {isa = PBXBuildFile; fileRef = D9BFFBBF4CC43DEE890B3C3E /* OscTypes.cpp */; };
		8B40DD2B41C58FF6B6907B86 /* Clock.cpp in Sources */ = {isa = PBXBuildFile; fileRef = 238B65DDD4862C9A94A29AB4 /* Clock.cpp */; };
		8D60C222CBD3F869382832E9 /* ofxSyphonServer.mm in Sources */ = {isa = PBXBuildFile; fileRef = 32D6F27DC6308427F9A278C1 /* ofxSyphonServer.mm */; };
		8F5205AEF8861EF234F0651A /* ofxOscSender.cpp in Sources */ = {isa = PBXBuildFile; fileRef = 81967292BFC87A0144BD32C6 /* ofxOscSender.cpp */; };
		933A2227713C720CEFF80FD9 /* tinyxml.cpp in Sources */ = {isa = PBXBuildFile; fileRef = 2B40EDA85BEB63E46785BC29 /* tinyxml.cpp */; };
		9A375B432B98EE95A23FD001 /* AudioDecoder.cpp in Sources */ = {isa = PBXBuildFile; fileRef = E190CC61090BCFFC54D69770 /* AudioDecoder.cpp */; };
		9D44DC88EF9E7991B4A09951 /* tinyxmlerror.cpp in Sources */ = {isa = PBXBuildFile; fileRef = 832BDC407620CDBA568B713D /* tinyxmlerror.cpp */; };
		9DECE28DE972DD39553DD35C /* ofxHapPlayer.cpp in Sources */ = {isa = PBXBuildFile; fileRef = B3A8B29F47FD67274D82443D /* ofxHapPlayer.cpp */; };
		ADE367465D2A8EBAD4C7A8D9 /* IpEndpointName.cpp in Sources */ = {isa = PBXBuildFile; fileRef = ADD194746185E2DA11468377 /* IpEndpointName.cpp */; };
		AF24098F3EE61E761F184C8F /* TimeRangeSet.cpp in Sources */ = {isa = PBXBuildFile; fileRef = 000270D61857A9C7C7628691 /* TimeRangeSet.cpp */; };
		C4782ECC372420ACE0615B74 /* OscPrintReceivedElements.cpp in Sources */ = {isa = PBXBuildFile; fileRef = BC8881B3C8C0A1C45F042E7A /* OscPrintReceivedElements.cpp */; };
		C9109422648B170B07A778CF /* SyphonNameboundClient.m in Sources */ = {isa = PBXBuildFile; fileRef = E3405C5AE387BDDC2AD19473 /* SyphonNameboundClient.m */; };
		D2589C81FE555C37DFA9890C /* hap.c in Sources */ = {isa = PBXBuildFile; fileRef = C8F6794ACA9E9E23B93E0350 /* hap.c */; };
		E1A3FD40C8BCD507345F1126 /* Syphon.framework in Frameworks */ = {isa = PBXBuildFile; fileRef = D58DCB2C0AEFDE6171E29540 /* Syphon.framework */; };
		E4328149138ABC9F0047C5CB /* openFrameworksDebug.a in Frameworks */ = {isa = PBXBuildFile; fileRef = E4328148138ABC890047C5CB /* openFrameworksDebug.a */; };
		E4B69E200A3A1BDC003C02F2 /* main.cpp in Sources */ = {isa = PBXBuildFile; fileRef = E4B69E1D0A3A1BDC003C02F2 /* main.cpp */; };
		E4B69E210A3A1BDC003C02F2 /* ofApp.cpp in Sources */ = {isa = PBXBuildFile; fileRef = E4B69E1E0A3A1BDC003C02F2 /* ofApp.cpp */; };
		FCE78EB42A44ECB3261E18AB /* MovieTime.cpp in Sources */ = {isa = PBXBuildFile; fileRef = 97338BB48921889487BDA51E /* MovieTime.cpp */; };
/* End PBXBuildFile section */

/* Begin PBXContainerItemProxy section */
		E4328147138ABC890047C5CB /* PBXContainerItemProxy */ = {
			isa = PBXContainerItemProxy;
			containerPortal = E4328143138ABC890047C5CB /* openFrameworksLib.xcodeproj */;
			proxyType = 2;
			remoteGlobalIDString = E4B27C1510CBEB8E00536013;
			remoteInfo = openFrameworks;
		};
		E4EEB9AB138B136A00A80321 /* PBXContainerItemProxy */ = {
			isa = PBXContainerItemProxy;
			containerPortal = E4328143138ABC890047C5CB /* openFrameworksLib.xcodeproj */;
			proxyType = 1;
			remoteGlobalIDString = E4B27C1410CBEB8E00536013;
			remoteInfo = openFrameworks;
		};
/* End PBXContainerItemProxy section */

/* Begin PBXCopyFilesBuildPhase section */
		E4C2427710CC5ABF004149E2 /* CopyFiles */ = {
			isa = PBXCopyFilesBuildPhase;
			buildActionMask = 2147483647;
			dstPath = "";
			dstSubfolderSpec = 10;
			files = (
				4D508D34156E7076531D9084 /* Syphon.framework in CopyFiles */,
			);
			runOnlyForDeploymentPostprocessing = 0;
		};
/* End PBXCopyFilesBuildPhase section */

/* Begin PBXFileReference section */
		000270D61857A9C7C7628691 /* TimeRangeSet.cpp */ = {isa = PBXFileReference; explicitFileType = sourcecode.cpp.cpp; fileEncoding = 30; name = TimeRangeSet.cpp; path = ../../../addons/ofxHapPlayer/libs/ofxHap/src/TimeRangeSet.cpp; sourceTree = SOURCE_ROOT; };
		00D6D32B84B099226431108C /* ofxOsc.h */ = {isa = PBXFileReference; explicitFileType = sourcecode.c.h; fileEncoding = 30; name = ofxOsc.h; path = ../../../addons/ofxOsc/src/ofxOsc.h; sourceTree = SOURCE_ROOT; };
		01ACF32DD2BE3FB5BC5DFA8A /* AudioDecoder.h */ = {isa = PBXFileReference; explicitFileType = sourcecode.c.h; fileEncoding = 30; name = AudioDecoder.h; path = ../../../addons/ofxHapPlayer/libs/ofxHap/include/ofxHap/AudioDecoder.h; sourceTree = SOURCE_ROOT; };
		01DCC0911400F9ACF5B65578 /* ofxXmlSettings.h */ = {isa = PBXFileReference; explicitFileType = sourcecode.c.h; fileEncoding = 30; name = ofxXmlSettings.h; path = ../../../addons/ofxXmlSettings/src/ofxXmlSettings.h; sourceTree = SOURCE_ROOT; };
		01FAC3552E00C3620035EA2F /* ofxSyphonClient.h */ = {isa = PBXFileReference; explicitFileType = sourcecode.c.h; fileEncoding = 30; name = ofxSyphonClient.h; path = ../../../addons/ofxSyphon/src/ofxSyphonClient.h; sourceTree = SOURCE_ROOT; };
		029684CF678F70F6D3537A29 /* OscOutboundPacketStream.h */ = {isa = PBXFileReference; explicitFileType = sourcecode.c.h; fileEncoding = 30; name = OscOutboundPacketStream.h; path = ../../../addons/ofxOsc/libs/oscpack/src/osc/OscOutboundPacketStream.h; sourceTree = SOURCE_ROOT; };
		03EA4DA95B5E1B8409FC058E /* ofxSyphonClient.mm */ = {isa = PBXFileReference; explicitFileType = sourcecode.cpp.objcpp; fileEncoding = 30; name = ofxSyphonClient.mm; path = ../../../addons/ofxSyphon/src/ofxSyphonClient.mm; sourceTree = SOURCE_ROOT; };
		0AED834CE4DEC5260AF302A2 /* ofxOscParameterSync.cpp */ = {isa = PBXFileReference; explicitFileType = sourcecode.cpp.cpp; fileEncoding = 30; name = ofxOscParameterSync.cpp; path = ../../../addons/ofxOsc/src/ofxOscParameterSync.cpp; sourceTree = SOURCE_ROOT; };
		0FB83AC7747296DD35C1C295 /* ofxSyphon.h */ = {isa = PBXFileReference; explicitFileType = sourcecode.c.h; fileEncoding = 30; name = ofxSyphon.h; path = ../../../addons/ofxSyphon/src/ofxSyphon.h; sourceTree = SOURCE_ROOT; };
		15EECCAE1A639FE0771146E3 /* hap.h */ = {isa = PBXFileReference; explicitFileType = sourcecode.c.h; fileEncoding = 30; name = hap.h; path = ../../../addons/ofxHapPlayer/libs/hap/src/hap.h; sourceTree = SOURCE_ROOT; };
		1700621FD10DE4D4F9697B24 /* AudioThread.cpp */ = {isa = PBXFileReference; explicitFileType = sourcecode.cpp.cpp; fileEncoding = 30; name = AudioThread.cpp; path = ../../../addons/ofxHapPlayer/libs/ofxHap/src/AudioThread.cpp; sourceTree = SOURCE_ROOT; };
		20F35AFADAF0068B067E713F /* OscReceivedElements.h */ = {isa = PBXFileReference; explicitFileType = sourcecode.c.h; fileEncoding = 30; name = OscReceivedElements.h; path = ../../../addons/ofxOsc/libs/oscpack/src/osc/OscReceivedElements.h; sourceTree = SOURCE_ROOT; };
		23640F57DF6C4BB6BFC5DA4C /* PacketListener.h */ = {isa = PBXFileReference; explicitFileType = sourcecode.c.h; fileEncoding = 30; name = PacketListener.h; path = ../../../addons/ofxOsc/libs/oscpack/src/ip/PacketListener.h; sourceTree = SOURCE_ROOT; };
		238B65DDD4862C9A94A29AB4 /* Clock.cpp */ = {isa = PBXFileReference; explicitFileType = sourcecode.cpp.cpp; fileEncoding = 30; name = Clock.cpp; path = ../../../addons/ofxHapPlayer/libs/ofxHap/src/Clock.cpp; sourceTree = SOURCE_ROOT; };
		2B40EDA85BEB63E46785BC29 /* tinyxml.cpp */ = {isa = PBXFileReference; explicitFileType = sourcecode.cpp.cpp; fileEncoding = 30; name = tinyxml.cpp; path = ../../../addons/ofxXmlSettings/libs/tinyxml.cpp; sourceTree = SOURCE_ROOT; };
		2CB998AF03E1DC191394C214 /* ErrorReceiving.h */ = {isa = PBXFileReference; explicitFileType = sourcecode.c.h; fileEncoding = 30; name = ErrorReceiving.h; path = ../../../addons/ofxHapPlayer/libs/ofxHap/include/ofxHap/ErrorReceiving.h; sourceTree = SOURCE_ROOT; };
		2D623880D84A52CF35CA2160 /* PacketCache.cpp */ = {isa = PBXFileReference; explicitFileType = sourcecode.cpp.cpp; fileEncoding = 30; name = PacketCache.cpp; path = ../../../addons/ofxHapPlayer/libs/ofxHap/src/PacketCache.cpp; sourceTree = SOURCE_ROOT; };
		2FD4B0329909D3527F003494 /* UdpSocket.h */ = {isa = PBXFileReference; explicitFileType = sourcecode.c.h; fileEncoding = 30; name = UdpSocket.h; path = ../../../addons/ofxOsc/libs/oscpack/src/ip/UdpSocket.h; sourceTree = SOURCE_ROOT; };
		32D6F27DC6308427F9A278C1 /* ofxSyphonServer.mm */ = {isa = PBXFileReference; explicitFileType = sourcecode.cpp.objcpp; fileEncoding = 30; name = ofxSyphonServer.mm; path = ../../../addons/ofxSyphon/src/ofxSyphonServer.mm; sourceTree = SOURCE_ROOT; };
		337B812806A0E7D26A029E5A /* ofxSyphonServerDirectory.h */ = {isa = PBXFileReference; explicitFileType = sourcecode.c.h; fileEncoding = 30; name = ofxSyphonServerDirectory.h; path = ../../../addons/ofxSyphon/src/ofxSyphonServerDirectory.h; sourceTree = SOURCE_ROOT; };
		3B361208CD4107E479F04E7B /* NetworkingUtils.cpp */ = {isa = PBXFileReference; explicitFileType = sourcecode.cpp.cpp; fileEncoding = 30; name = NetworkingUtils.cpp; path = ../../../addons/ofxOsc/libs/oscpack/src/ip/posix/NetworkingUtils.cpp; sourceTree = SOURCE_ROOT; };
		444657A12E59D0ED86981498 /* TimerListener.h */ = {isa = PBXFileReference; explicitFileType = sourcecode.c.h; fileEncoding = 30; name = TimerListener.h; path = ../../../addons/ofxOsc/libs/oscpack/src/ip/TimerListener.h; sourceTree = SOURCE_ROOT; };
		44A7B4A73286DB60EC1938DC /* PacketCache.h */ = {isa = PBXFileReference; explicitFileType = sourcecode.c.h; fileEncoding = 30; name = PacketCache.h; path = ../../../addons/ofxHapPlayer/libs/ofxHap/include/ofxHap/PacketCache.h; sourceTree = SOURCE_ROOT; };
		46BBCC26D60B589958BF0D03 /* ofxSyphonServer.h */ = {isa = PBXFileReference; explicitFileType = sourcecode.c.h; fileEncoding = 30; name = ofxSyphonServer.h; path = ../../../addons/ofxSyphon/src/ofxSyphonServer.h; sourceTree = SOURCE_ROOT; };
		48974F980F51769171D0B2F5 /* IpEndpointName.h */ = {isa = PBXFileReference; explicitFileType = sourcecode.c.h; fileEncoding = 30; name = IpEndpointName.h; path = ../../../addons/ofxOsc/libs/oscpack/src/ip/IpEndpointName.h; sourceTree = SOURCE_ROOT; };
		4D40695920B3379E19F1A11D /* MovieTime.h */ = {isa = PBXFileReference; explicitFileType = sourcecode.c.h; fileEncoding = 30; name = MovieTime.h; path = ../../../addons/ofxHapPlayer/libs/ofxHap/include/ofxHap/MovieTime.h; sourceTree = SOURCE_ROOT; };
		4E95FB446A9C9C6F0DE12D75 /* OscPrintReceivedElements.h */ = {isa = PBXFileReference; explicitFileType = sourcecode.c.h; fileEncoding = 30; name = OscPrintReceivedElements.h; path = ../../../addons/ofxOsc/libs/oscpack/src/osc/OscPrintReceivedElements.h; sourceTree = SOURCE_ROOT; };
		4F940207C7DF8167850BADD2 /* ofApp.h~ */ = {isa = PBXFileReference; explicitFileType = file; fileEncoding = 30; name = "ofApp.h~"; path = "src/ofApp.h~"; sourceTree = SOURCE_ROOT; };
		50DF87D612C5AAE17AAFA6C0 /* ofxXmlSettings.cpp */ = {isa = PBXFileReference; explicitFileType = sourcecode.cpp.cpp; fileEncoding = 30; name = ofxXmlSettings.cpp; path = ../../../addons/ofxXmlSettings/src/ofxXmlSettings.cpp; sourceTree = SOURCE_ROOT; };
		5168D41D3FD219BF54E02804 /* Clock.h */ = {isa = PBXFileReference; explicitFileType = sourcecode.c.h; fileEncoding = 30; name = Clock.h; path = ../../../addons/ofxHapPlayer/libs/ofxHap/include/ofxHap/Clock.h; sourceTree = SOURCE_ROOT; };
		5F2DF17E9FEFBA2715A7A317 /* AudioResampler.cpp */ = {isa = PBXFileReference; explicitFileType = sourcecode.cpp.cpp; fileEncoding = 30; name = AudioResampler.cpp; path = ../../../addons/ofxHapPlayer/libs/ofxHap/src/AudioResampler.cpp; sourceTree = SOURCE_ROOT; };
		63A47AC60FFAFC3BF093EC0F /* OscOutboundPacketStream.cpp */ = {isa = PBXFileReference; explicitFileType = sourcecode.cpp.cpp; fileEncoding = 30; name = OscOutboundPacketStream.cpp; path = ../../../addons/ofxOsc/libs/oscpack/src/osc/OscOutboundPacketStream.cpp; sourceTree = SOURCE_ROOT; };
		65EEFA3DA3526E9CDD9C21F9 /* ofxOscBundle.cpp */ = {isa = PBXFileReference; explicitFileType = sourcecode.cpp.cpp; fileEncoding = 30; name = ofxOscBundle.cpp; path = ../../../addons/ofxOsc/src/ofxOscBundle.cpp; sourceTree = SOURCE_ROOT; };
		6B65E6930994CC4B2D2B8B33 /* OscPacketListener.h */ = {isa = PBXFileReference; explicitFileType = sourcecode.c.h; fileEncoding = 30; name = OscPacketListener.h; path = ../../../addons/ofxOsc/libs/oscpack/src/osc/OscPacketListener.h; sourceTree = SOURCE_ROOT; };
		71FFD50EA75BCC76F0C58D12 /* SyphonNameboundClient.h */ = {isa = PBXFileReference; explicitFileType = sourcecode.c.h; fileEncoding = 30; name = SyphonNameboundClient.h; path = ../../../addons/ofxSyphon/libs/Syphon/src/SyphonNameboundClient.h; sourceTree = SOURCE_ROOT; };
		7689F8A0F3D0B7635A8C3104 /* ofxOscArg.h */ = {isa = PBXFileReference; explicitFileType = sourcecode.c.h; fileEncoding = 30; name = ofxOscArg.h; path = ../../../addons/ofxOsc/src/ofxOscArg.h; sourceTree = SOURCE_ROOT; };
		77AC83A7566E052535EFA339 /* AudioResampler.h */ = {isa = PBXFileReference; explicitFileType = sourcecode.c.h; fileEncoding = 30; name = AudioResampler.h; path = ../../../addons/ofxHapPlayer/libs/ofxHap/include/ofxHap/AudioResampler.h; sourceTree = SOURCE_ROOT; };
		81967292BFC87A0144BD32C6 /* ofxOscSender.cpp */ = {isa = PBXFileReference; explicitFileType = sourcecode.cpp.cpp; fileEncoding = 30; name = ofxOscSender.cpp; path = ../../../addons/ofxOsc/src/ofxOscSender.cpp; sourceTree = SOURCE_ROOT; };
		832BDC407620CDBA568B713D /* tinyxmlerror.cpp */ = {isa = PBXFileReference; explicitFileType = sourcecode.cpp.cpp; fileEncoding = 30; name = tinyxmlerror.cpp; path = ../../../addons/ofxXmlSettings/libs/tinyxmlerror.cpp; sourceTree = SOURCE_ROOT; };
		8B30E93FD3D3475EED522A0E /* ofxOscBundle.h */ = {isa = PBXFileReference; explicitFileType = sourcecode.c.h; fileEncoding = 30; name = ofxOscBundle.h; path = ../../../addons/ofxOsc/src/ofxOscBundle.h; sourceTree = SOURCE_ROOT; };
		8C75AFC8774A62495DD53464 /* ofxOscReceiver.h */ = {isa = PBXFileReference; explicitFileType = sourcecode.c.h; fileEncoding = 30; name = ofxOscReceiver.h; path = ../../../addons/ofxOsc/src/ofxOscReceiver.h; sourceTree = SOURCE_ROOT; };
		97338BB48921889487BDA51E /* MovieTime.cpp */ = {isa = PBXFileReference; explicitFileType = sourcecode.cpp.cpp; fileEncoding = 30; name = MovieTime.cpp; path = ../../../addons/ofxHapPlayer/libs/ofxHap/src/MovieTime.cpp; sourceTree = SOURCE_ROOT; };
		9A8EC2BF48E2C3C42C379138 /* RingBuffer.cpp */ = {isa = PBXFileReference; explicitFileType = sourcecode.cpp.cpp; fileEncoding = 30; name = RingBuffer.cpp; path = ../../../addons/ofxHapPlayer/libs/ofxHap/src/RingBuffer.cpp; sourceTree = SOURCE_ROOT; };
		9BF3AA0D4FAA89D0F8A0E545 /* OscReceivedElements.cpp */ = {isa = PBXFileReference; explicitFileType = sourcecode.cpp.cpp; fileEncoding = 30; name = OscReceivedElements.cpp; path = ../../../addons/ofxOsc/libs/oscpack/src/osc/OscReceivedElements.cpp; sourceTree = SOURCE_ROOT; };
		9F7986DC4EB05E75FCE2C777 /* ofxOscSender.h */ = {isa = PBXFileReference; explicitFileType = sourcecode.c.h; fileEncoding = 30; name = ofxOscSender.h; path = ../../../addons/ofxOsc/src/ofxOscSender.h; sourceTree = SOURCE_ROOT; };
		9FA6754E55758AF846AF0E83 /* AudioParameters.h */ = {isa = PBXFileReference; explicitFileType = sourcecode.c.h; fileEncoding = 30; name = AudioParameters.h; path = ../../../addons/ofxHapPlayer/libs/ofxHap/include/ofxHap/AudioParameters.h; sourceTree = SOURCE_ROOT; };
		A2AAA8CA403479E6FCDF920E /* OscHostEndianness.h */ = {isa = PBXFileReference; explicitFileType = sourcecode.c.h; fileEncoding = 30; name = OscHostEndianness.h; path = ../../../addons/ofxOsc/libs/oscpack/src/osc/OscHostEndianness.h; sourceTree = SOURCE_ROOT; };
		A3CD349FD8C7B388CE841D0D /* TimeRangeSet.h */ = {isa = PBXFileReference; explicitFileType = sourcecode.c.h; fileEncoding = 30; name = TimeRangeSet.h; path = ../../../addons/ofxHapPlayer/libs/ofxHap/include/ofxHap/TimeRangeSet.h; sourceTree = SOURCE_ROOT; };
		A9816531495AFFBC1BB87CF3 /* ofxHapPlayer.h */ = {isa = PBXFileReference; explicitFileType = sourcecode.c.h; fileEncoding = 30; name = ofxHapPlayer.h; path = ../../../addons/ofxHapPlayer/src/ofxHapPlayer.h; sourceTree = SOURCE_ROOT; };
		AC1ED9E2EADE684C6250AB38 /* AudioThread.h */ = {isa = PBXFileReference; explicitFileType = sourcecode.c.h; fileEncoding = 30; name = AudioThread.h; path = ../../../addons/ofxHapPlayer/libs/ofxHap/include/ofxHap/AudioThread.h; sourceTree = SOURCE_ROOT; };
		ADD194746185E2DA11468377 /* IpEndpointName.cpp */ = {isa = PBXFileReference; explicitFileType = sourcecode.cpp.cpp; fileEncoding = 30; name = IpEndpointName.cpp; path = ../../../addons/ofxOsc/libs/oscpack/src/ip/IpEndpointName.cpp; sourceTree = SOURCE_ROOT; };
		AE335EB4709BFD4671EEAC84 /* MessageMappingOscPacketListener.h */ = {isa = PBXFileReference; explicitFileType = sourcecode.c.h; fileEncoding = 30; name = MessageMappingOscPacketListener.h; path = ../../../addons/ofxOsc/libs/oscpack/src/osc/MessageMappingOscPacketListener.h; sourceTree = SOURCE_ROOT; };
		B21E7E5F548EEA92F368040B /* tinyxml.h */ = {isa = PBXFileReference; explicitFileType = sourcecode.c.h; fileEncoding = 30; name = tinyxml.h; path = ../../../addons/ofxXmlSettings/libs/tinyxml.h; sourceTree = SOURCE_ROOT; };
		B31C608870ECEB2490A93736 /* ofxOscParameterSync.h */ = {isa = PBXFileReference; explicitFileType = sourcecode.c.h; fileEncoding = 30; name = ofxOscParameterSync.h; path = ../../../addons/ofxOsc/src/ofxOscParameterSync.h; sourceTree = SOURCE_ROOT; };
		B3A8B29F47FD67274D82443D /* ofxHapPlayer.cpp */ = {isa = PBXFileReference; explicitFileType = sourcecode.cpp.cpp; fileEncoding = 30; name = ofxHapPlayer.cpp; path = ../../../addons/ofxHapPlayer/src/ofxHapPlayer.cpp; sourceTree = SOURCE_ROOT; };
		BC8881B3C8C0A1C45F042E7A /* OscPrintReceivedElements.cpp */ = {isa = PBXFileReference; explicitFileType = sourcecode.cpp.cpp; fileEncoding = 30; name = OscPrintReceivedElements.cpp; path = ../../../addons/ofxOsc/libs/oscpack/src/osc/OscPrintReceivedElements.cpp; sourceTree = SOURCE_ROOT; };
		C0C7A497249DBD2F8DE862C9 /* AudioParameters.cpp */ = {isa = PBXFileReference; explicitFileType = sourcecode.cpp.cpp; fileEncoding = 30; name = AudioParameters.cpp; path = ../../../addons/ofxHapPlayer/libs/ofxHap/src/AudioParameters.cpp; sourceTree = SOURCE_ROOT; };
		C2FAC65C491D4231379F3298 /* ofxOscReceiver.cpp */ = {isa = PBXFileReference; explicitFileType = sourcecode.cpp.cpp; fileEncoding = 30; name = ofxOscReceiver.cpp; path = ../../../addons/ofxOsc/src/ofxOscReceiver.cpp; sourceTree = SOURCE_ROOT; };
		C58862C6D212C8E8A83810F4 /* ofxOscMessage.h */ = {isa = PBXFileReference; explicitFileType = sourcecode.c.h; fileEncoding = 30; name = ofxOscMessage.h; path = ../../../addons/ofxOsc/src/ofxOscMessage.h; sourceTree = SOURCE_ROOT; };
		C6937888E126BADC8777423B /* OscTypes.h */ = {isa = PBXFileReference; explicitFileType = sourcecode.c.h; fileEncoding = 30; name = OscTypes.h; path = ../../../addons/ofxOsc/libs/oscpack/src/osc/OscTypes.h; sourceTree = SOURCE_ROOT; };
		C7E31A41D29A71BC7651883D /* Demuxer.h */ = {isa = PBXFileReference; explicitFileType = sourcecode.c.h; fileEncoding = 30; name = Demuxer.h; path = ../../../addons/ofxHapPlayer/libs/ofxHap/include/ofxHap/Demuxer.h; sourceTree = SOURCE_ROOT; };
		C8ACC5ADB42FB88EC0A6BA43 /* Common.h */ = {isa = PBXFileReference; explicitFileType = sourcecode.c.h; fileEncoding = 30; name = Common.h; path = ../../../addons/ofxHapPlayer/libs/ofxHap/include/ofxHap/Common.h; sourceTree = SOURCE_ROOT; };
		C8F6794ACA9E9E23B93E0350 /* hap.c */ = {isa = PBXFileReference; explicitFileType = sourcecode.c.c; fileEncoding = 30; name = hap.c; path = ../../../addons/ofxHapPlayer/libs/hap/src/hap.c; sourceTree = SOURCE_ROOT; };
		D58DCB2C0AEFDE6171E29540 /* Syphon.framework */ = {isa = PBXFileReference; lastKnownFileType = wrapper.framework; name = Syphon.framework; path = ../../../addons/ofxSyphon/libs/Syphon/lib/osx/Syphon.framework; sourceTree = "<group>"; };
		D9BFFBBF4CC43DEE890B3C3E /* OscTypes.cpp */ = {isa = PBXFileReference; explicitFileType = sourcecode.cpp.cpp; fileEncoding = 30; name = OscTypes.cpp; path = ../../../addons/ofxOsc/libs/oscpack/src/osc/OscTypes.cpp; sourceTree = SOURCE_ROOT; };
		DF49D76C45D5DB505A234880 /* ofxOscMessage.cpp */ = {isa = PBXFileReference; explicitFileType = sourcecode.cpp.cpp; fileEncoding = 30; name = ofxOscMessage.cpp; path = ../../../addons/ofxOsc/src/ofxOscMessage.cpp; sourceTree = SOURCE_ROOT; };
		E190CC61090BCFFC54D69770 /* AudioDecoder.cpp */ = {isa = PBXFileReference; explicitFileType = sourcecode.cpp.cpp; fileEncoding = 30; name = AudioDecoder.cpp; path = ../../../addons/ofxHapPlayer/libs/ofxHap/src/AudioDecoder.cpp; sourceTree = SOURCE_ROOT; };
		E3405C5AE387BDDC2AD19473 /* SyphonNameboundClient.m */ = {isa = PBXFileReference; explicitFileType = sourcecode.cpp.objcpp; fileEncoding = 30; name = SyphonNameboundClient.m; path = ../../../addons/ofxSyphon/libs/Syphon/src/SyphonNameboundClient.m; sourceTree = SOURCE_ROOT; };
		E4328143138ABC890047C5CB /* openFrameworksLib.xcodeproj */ = {isa = PBXFileReference; lastKnownFileType = "wrapper.pb-project"; name = openFrameworksLib.xcodeproj; path = ../../../libs/openFrameworksCompiled/project/osx/openFrameworksLib.xcodeproj; sourceTree = SOURCE_ROOT; };
		E4B69B5B0A3A1756003C02F2 /* PiranhaDebug.app */ = {isa = PBXFileReference; explicitFileType = wrapper.application; includeInIndex = 0; path = PiranhaDebug.app; sourceTree = BUILT_PRODUCTS_DIR; };
		E4B69E1D0A3A1BDC003C02F2 /* main.cpp */ = {isa = PBXFileReference; fileEncoding = 30; lastKnownFileType = sourcecode.cpp.cpp; name = main.cpp; path = src/main.cpp; sourceTree = SOURCE_ROOT; };
		E4B69E1E0A3A1BDC003C02F2 /* ofApp.cpp */ = {isa = PBXFileReference; explicitFileType = sourcecode.cpp.cpp; fileEncoding = 30; name = ofApp.cpp; path = src/ofApp.cpp; sourceTree = SOURCE_ROOT; };
		E4B69E1F0A3A1BDC003C02F2 /* ofApp.h */ = {isa = PBXFileReference; fileEncoding = 30; lastKnownFileType = sourcecode.c.h; name = ofApp.h; path = src/ofApp.h; sourceTree = SOURCE_ROOT; };
		E4B6FCAD0C3E899E008CF71C /* openFrameworks-Info.plist */ = {isa = PBXFileReference; fileEncoding = 30; lastKnownFileType = text.plist.xml; path = "openFrameworks-Info.plist"; sourceTree = "<group>"; };
		E4EB691F138AFCF100A09F29 /* CoreOF.xcconfig */ = {isa = PBXFileReference; fileEncoding = 4; lastKnownFileType = text.xcconfig; name = CoreOF.xcconfig; path = ../../../libs/openFrameworksCompiled/project/osx/CoreOF.xcconfig; sourceTree = SOURCE_ROOT; };
		E4EB6923138AFD0F00A09F29 /* Project.xcconfig */ = {isa = PBXFileReference; fileEncoding = 4; lastKnownFileType = text.xcconfig; path = Project.xcconfig; sourceTree = "<group>"; };
		E6DEF695B88BA5FAACEAA937 /* UdpSocket.cpp */ = {isa = PBXFileReference; explicitFileType = sourcecode.cpp.cpp; fileEncoding = 30; name = UdpSocket.cpp; path = ../../../addons/ofxOsc/libs/oscpack/src/ip/posix/UdpSocket.cpp; sourceTree = SOURCE_ROOT; };
		E723BEF4C55D236E24639608 /* ofxSyphonServerDirectory.mm */ = {isa = PBXFileReference; explicitFileType = sourcecode.cpp.objcpp; fileEncoding = 30; name = ofxSyphonServerDirectory.mm; path = ../../../addons/ofxSyphon/src/ofxSyphonServerDirectory.mm; sourceTree = SOURCE_ROOT; };
		ED0942189466F13A470C6197 /* ofApp.cpp~ */ = {isa = PBXFileReference; explicitFileType = file; fileEncoding = 30; name = "ofApp.cpp~"; path = "src/ofApp.cpp~"; sourceTree = SOURCE_ROOT; };
		EE008DE736F55C209519A9B1 /* Demuxer.cpp */ = {isa = PBXFileReference; explicitFileType = sourcecode.cpp.cpp; fileEncoding = 30; name = Demuxer.cpp; path = ../../../addons/ofxHapPlayer/libs/ofxHap/src/Demuxer.cpp; sourceTree = SOURCE_ROOT; };
		F4F5B6B8BA2BD52C646ED908 /* OscException.h */ = {isa = PBXFileReference; explicitFileType = sourcecode.c.h; fileEncoding = 30; name = OscException.h; path = ../../../addons/ofxOsc/libs/oscpack/src/osc/OscException.h; sourceTree = SOURCE_ROOT; };
		F7FBC56859535E597B24BB91 /* NetworkingUtils.h */ = {isa = PBXFileReference; explicitFileType = sourcecode.c.h; fileEncoding = 30; name = NetworkingUtils.h; path = ../../../addons/ofxOsc/libs/oscpack/src/ip/NetworkingUtils.h; sourceTree = SOURCE_ROOT; };
		FAE24647AFB9C4EDBDDA0EE8 /* RingBuffer.h */ = {isa = PBXFileReference; explicitFileType = sourcecode.c.h; fileEncoding = 30; name = RingBuffer.h; path = ../../../addons/ofxHapPlayer/libs/ofxHap/include/ofxHap/RingBuffer.h; sourceTree = SOURCE_ROOT; };
		FC5DA1C87211D4F6377DA719 /* tinyxmlparser.cpp */ = {isa = PBXFileReference; explicitFileType = sourcecode.cpp.cpp; fileEncoding = 30; name = tinyxmlparser.cpp; path = ../../../addons/ofxXmlSettings/libs/tinyxmlparser.cpp; sourceTree = SOURCE_ROOT; };
/* End PBXFileReference section */

/* Begin PBXFrameworksBuildPhase section */
		E4B69B590A3A1756003C02F2 /* Frameworks */ = {
			isa = PBXFrameworksBuildPhase;
			buildActionMask = 2147483647;
			files = (
				E4328149138ABC9F0047C5CB /* openFrameworksDebug.a in Frameworks */,
				E1A3FD40C8BCD507345F1126 /* Syphon.framework in Frameworks */,
			);
			runOnlyForDeploymentPostprocessing = 0;
		};
/* End PBXFrameworksBuildPhase section */

/* Begin PBXGroup section */
		123746A97018087522D6BDFF /* ofxHapPlayer */ = {
			isa = PBXGroup;
			children = (
				BBDADACACB6EAB5BEDA05FDE /* src */,
				79FD7615976472BC2D2C3851 /* libs */,
			);
			name = ofxHapPlayer;
			sourceTree = "<group>";
		};
		1F4FB5C423662B96ADFDCC0B /* ofxXmlSettings */ = {
			isa = PBXGroup;
			children = (
				6ECEF0D76BC33727823EADFF /* src */,
				6E54289412D2D94F45A05113 /* libs */,
			);
			name = ofxXmlSettings;
			sourceTree = "<group>";
		};
		2317994671CD76BBA16927B8 /* libs */ = {
			isa = PBXGroup;
			children = (
				65F3085962B3A8825746C3C2 /* Syphon */,
			);
			name = libs;
			sourceTree = "<group>";
		};
		2EC5155BBB4AFAE8E1B719E7 /* src */ = {
			isa = PBXGroup;
			children = (
				E190CC61090BCFFC54D69770 /* AudioDecoder.cpp */,
				C0C7A497249DBD2F8DE862C9 /* AudioParameters.cpp */,
				5F2DF17E9FEFBA2715A7A317 /* AudioResampler.cpp */,
				1700621FD10DE4D4F9697B24 /* AudioThread.cpp */,
				238B65DDD4862C9A94A29AB4 /* Clock.cpp */,
				EE008DE736F55C209519A9B1 /* Demuxer.cpp */,
				97338BB48921889487BDA51E /* MovieTime.cpp */,
				2D623880D84A52CF35CA2160 /* PacketCache.cpp */,
				9A8EC2BF48E2C3C42C379138 /* RingBuffer.cpp */,
				000270D61857A9C7C7628691 /* TimeRangeSet.cpp */,
			);
			name = src;
			sourceTree = "<group>";
		};
		2F54A7F907FE7148918F7780 /* include */ = {
			isa = PBXGroup;
			children = (
				7C5E4E98933A05F194AE813A /* ofxHap */,
			);
			name = include;
			sourceTree = "<group>";
		};
		30CB364908817057B430D528 /* osc */ = {
			isa = PBXGroup;
			children = (
				AE335EB4709BFD4671EEAC84 /* MessageMappingOscPacketListener.h */,
				F4F5B6B8BA2BD52C646ED908 /* OscException.h */,
				A2AAA8CA403479E6FCDF920E /* OscHostEndianness.h */,
				63A47AC60FFAFC3BF093EC0F /* OscOutboundPacketStream.cpp */,
				029684CF678F70F6D3537A29 /* OscOutboundPacketStream.h */,
				6B65E6930994CC4B2D2B8B33 /* OscPacketListener.h */,
				BC8881B3C8C0A1C45F042E7A /* OscPrintReceivedElements.cpp */,
				4E95FB446A9C9C6F0DE12D75 /* OscPrintReceivedElements.h */,
				9BF3AA0D4FAA89D0F8A0E545 /* OscReceivedElements.cpp */,
				20F35AFADAF0068B067E713F /* OscReceivedElements.h */,
				D9BFFBBF4CC43DEE890B3C3E /* OscTypes.cpp */,
				C6937888E126BADC8777423B /* OscTypes.h */,
			);
			name = osc;
			sourceTree = "<group>";
		};
		31EDD8632EE5643250EF7BBA /* src */ = {
			isa = PBXGroup;
			children = (
				C8F6794ACA9E9E23B93E0350 /* hap.c */,
				15EECCAE1A639FE0771146E3 /* hap.h */,
			);
			name = src;
			sourceTree = "<group>";
		};
		38871A5825686AE018EC2BF0 /* libs */ = {
			isa = PBXGroup;
			children = (
				86D2677079A3AF4A5A88E29A /* oscpack */,
			);
			name = libs;
			sourceTree = "<group>";
		};
		398D2AD7D162CE13BF40CD4F /* lib */ = {
			isa = PBXGroup;
			children = (
				821159A073ABA066739FD401 /* osx */,
			);
			name = lib;
			sourceTree = "<group>";
		};
		49A9E39C52C2DF4DDA1E185F /* src */ = {
			isa = PBXGroup;
			children = (
				0FB83AC7747296DD35C1C295 /* ofxSyphon.h */,
				01FAC3552E00C3620035EA2F /* ofxSyphonClient.h */,
				03EA4DA95B5E1B8409FC058E /* ofxSyphonClient.mm */,
				46BBCC26D60B589958BF0D03 /* ofxSyphonServer.h */,
				32D6F27DC6308427F9A278C1 /* ofxSyphonServer.mm */,
				337B812806A0E7D26A029E5A /* ofxSyphonServerDirectory.h */,
				E723BEF4C55D236E24639608 /* ofxSyphonServerDirectory.mm */,
			);
			name = src;
			sourceTree = "<group>";
		};
		50EAFB5FF7C5722E7B4895C7 /* src */ = {
			isa = PBXGroup;
			children = (
				71FFD50EA75BCC76F0C58D12 /* SyphonNameboundClient.h */,
				E3405C5AE387BDDC2AD19473 /* SyphonNameboundClient.m */,
			);
			name = src;
			sourceTree = "<group>";
		};
		641362CA659FAFEE4E81001B /* posix */ = {
			isa = PBXGroup;
			children = (
				3B361208CD4107E479F04E7B /* NetworkingUtils.cpp */,
				E6DEF695B88BA5FAACEAA937 /* UdpSocket.cpp */,
			);
			name = posix;
			sourceTree = "<group>";
		};
		65F3085962B3A8825746C3C2 /* Syphon */ = {
			isa = PBXGroup;
			children = (
				50EAFB5FF7C5722E7B4895C7 /* src */,
				398D2AD7D162CE13BF40CD4F /* lib */,
			);
			name = Syphon;
			sourceTree = "<group>";
		};
		6948EE371B920CB800B5AC1A /* local_addons */ = {
			isa = PBXGroup;
			children = (
			);
			name = local_addons;
			sourceTree = "<group>";
		};
		6BA06186AF1C74A7B5F517D6 /* ofxHap */ = {
			isa = PBXGroup;
			children = (
				2F54A7F907FE7148918F7780 /* include */,
				2EC5155BBB4AFAE8E1B719E7 /* src */,
			);
			name = ofxHap;
			sourceTree = "<group>";
		};
		6E54289412D2D94F45A05113 /* libs */ = {
			isa = PBXGroup;
			children = (
				2B40EDA85BEB63E46785BC29 /* tinyxml.cpp */,
				B21E7E5F548EEA92F368040B /* tinyxml.h */,
				832BDC407620CDBA568B713D /* tinyxmlerror.cpp */,
				FC5DA1C87211D4F6377DA719 /* tinyxmlparser.cpp */,
			);
			name = libs;
			sourceTree = "<group>";
		};
		6ECEF0D76BC33727823EADFF /* src */ = {
			isa = PBXGroup;
			children = (
				50DF87D612C5AAE17AAFA6C0 /* ofxXmlSettings.cpp */,
				01DCC0911400F9ACF5B65578 /* ofxXmlSettings.h */,
			);
			name = src;
			sourceTree = "<group>";
		};
		79FD7615976472BC2D2C3851 /* libs */ = {
			isa = PBXGroup;
			children = (
				E09D8B6334004E7315770DB3 /* hap */,
				6BA06186AF1C74A7B5F517D6 /* ofxHap */,
			);
			name = libs;
			sourceTree = "<group>";
		};
		7C5E4E98933A05F194AE813A /* ofxHap */ = {
			isa = PBXGroup;
			children = (
				01ACF32DD2BE3FB5BC5DFA8A /* AudioDecoder.h */,
				9FA6754E55758AF846AF0E83 /* AudioParameters.h */,
				77AC83A7566E052535EFA339 /* AudioResampler.h */,
				AC1ED9E2EADE684C6250AB38 /* AudioThread.h */,
				5168D41D3FD219BF54E02804 /* Clock.h */,
				C8ACC5ADB42FB88EC0A6BA43 /* Common.h */,
				C7E31A41D29A71BC7651883D /* Demuxer.h */,
				2CB998AF03E1DC191394C214 /* ErrorReceiving.h */,
				4D40695920B3379E19F1A11D /* MovieTime.h */,
				44A7B4A73286DB60EC1938DC /* PacketCache.h */,
				FAE24647AFB9C4EDBDDA0EE8 /* RingBuffer.h */,
				A3CD349FD8C7B388CE841D0D /* TimeRangeSet.h */,
			);
			name = ofxHap;
			sourceTree = "<group>";
		};
		7F3C04577424427D348B1425 /* ofxSyphon */ = {
			isa = PBXGroup;
			children = (
				49A9E39C52C2DF4DDA1E185F /* src */,
				2317994671CD76BBA16927B8 /* libs */,
			);
			name = ofxSyphon;
			sourceTree = "<group>";
		};
		821159A073ABA066739FD401 /* osx */ = {
			isa = PBXGroup;
			children = (
				D58DCB2C0AEFDE6171E29540 /* Syphon.framework */,
			);
			name = osx;
			sourceTree = "<group>";
		};
		86D2677079A3AF4A5A88E29A /* oscpack */ = {
			isa = PBXGroup;
			children = (
				D27B2221A225CA523C019676 /* src */,
			);
			name = oscpack;
			sourceTree = "<group>";
		};
		BB4B014C10F69532006C3DED /* addons */ = {
			isa = PBXGroup;
			children = (
				123746A97018087522D6BDFF /* ofxHapPlayer */,
				E6053AB7FEC63D5F83825B88 /* ofxOsc */,
				7F3C04577424427D348B1425 /* ofxSyphon */,
				1F4FB5C423662B96ADFDCC0B /* ofxXmlSettings */,
			);
			name = addons;
			sourceTree = "<group>";
		};
		BBDADACACB6EAB5BEDA05FDE /* src */ = {
			isa = PBXGroup;
			children = (
				B3A8B29F47FD67274D82443D /* ofxHapPlayer.cpp */,
				A9816531495AFFBC1BB87CF3 /* ofxHapPlayer.h */,
			);
			name = src;
			sourceTree = "<group>";
		};
		BD2F1A9F8D0C05EDB29122D0 /* src */ = {
			isa = PBXGroup;
			children = (
				00D6D32B84B099226431108C /* ofxOsc.h */,
				7689F8A0F3D0B7635A8C3104 /* ofxOscArg.h */,
				65EEFA3DA3526E9CDD9C21F9 /* ofxOscBundle.cpp */,
				8B30E93FD3D3475EED522A0E /* ofxOscBundle.h */,
				DF49D76C45D5DB505A234880 /* ofxOscMessage.cpp */,
				C58862C6D212C8E8A83810F4 /* ofxOscMessage.h */,
				0AED834CE4DEC5260AF302A2 /* ofxOscParameterSync.cpp */,
				B31C608870ECEB2490A93736 /* ofxOscParameterSync.h */,
				C2FAC65C491D4231379F3298 /* ofxOscReceiver.cpp */,
				8C75AFC8774A62495DD53464 /* ofxOscReceiver.h */,
				81967292BFC87A0144BD32C6 /* ofxOscSender.cpp */,
				9F7986DC4EB05E75FCE2C777 /* ofxOscSender.h */,
			);
			name = src;
			sourceTree = "<group>";
		};
		D27B2221A225CA523C019676 /* src */ = {
			isa = PBXGroup;
			children = (
				FF8CDF57858E9B94E3237115 /* ip */,
				30CB364908817057B430D528 /* osc */,
			);
			name = src;
			sourceTree = "<group>";
		};
		E09D8B6334004E7315770DB3 /* hap */ = {
			isa = PBXGroup;
			children = (
				31EDD8632EE5643250EF7BBA /* src */,
			);
			name = hap;
			sourceTree = "<group>";
		};
		E4328144138ABC890047C5CB /* Products */ = {
			isa = PBXGroup;
			children = (
				E4328148138ABC890047C5CB /* openFrameworksDebug.a */,
			);
			name = Products;
			sourceTree = "<group>";
		};
		E4B69B4A0A3A1720003C02F2 = {
			isa = PBXGroup;
			children = (
				E4B6FCAD0C3E899E008CF71C /* openFrameworks-Info.plist */,
				E4EB6923138AFD0F00A09F29 /* Project.xcconfig */,
				E4B69E1C0A3A1BDC003C02F2 /* src */,
				E4EEC9E9138DF44700A80321 /* openFrameworks */,
				BB4B014C10F69532006C3DED /* addons */,
				6948EE371B920CB800B5AC1A /* local_addons */,
				E4B69B5B0A3A1756003C02F2 /* PiranhaDebug.app */,
			);
			sourceTree = "<group>";
		};
		E4B69E1C0A3A1BDC003C02F2 /* src */ = {
			isa = PBXGroup;
			children = (
				E4B69E1D0A3A1BDC003C02F2 /* main.cpp */,
				E4B69E1E0A3A1BDC003C02F2 /* ofApp.cpp */,
				E4B69E1F0A3A1BDC003C02F2 /* ofApp.h */,
				ED0942189466F13A470C6197 /* ofApp.cpp~ */,
				4F940207C7DF8167850BADD2 /* ofApp.h~ */,
			);
			path = src;
			sourceTree = SOURCE_ROOT;
		};
		E4EEC9E9138DF44700A80321 /* openFrameworks */ = {
			isa = PBXGroup;
			children = (
				E4EB691F138AFCF100A09F29 /* CoreOF.xcconfig */,
				E4328143138ABC890047C5CB /* openFrameworksLib.xcodeproj */,
			);
			name = openFrameworks;
			sourceTree = "<group>";
		};
		E6053AB7FEC63D5F83825B88 /* ofxOsc */ = {
			isa = PBXGroup;
			children = (
				BD2F1A9F8D0C05EDB29122D0 /* src */,
				38871A5825686AE018EC2BF0 /* libs */,
			);
			name = ofxOsc;
			sourceTree = "<group>";
		};
		FF8CDF57858E9B94E3237115 /* ip */ = {
			isa = PBXGroup;
			children = (
				ADD194746185E2DA11468377 /* IpEndpointName.cpp */,
				48974F980F51769171D0B2F5 /* IpEndpointName.h */,
				F7FBC56859535E597B24BB91 /* NetworkingUtils.h */,
				23640F57DF6C4BB6BFC5DA4C /* PacketListener.h */,
				641362CA659FAFEE4E81001B /* posix */,
				444657A12E59D0ED86981498 /* TimerListener.h */,
				2FD4B0329909D3527F003494 /* UdpSocket.h */,
			);
			name = ip;
			sourceTree = "<group>";
		};
/* End PBXGroup section */

/* Begin PBXNativeTarget section */
		E4B69B5A0A3A1756003C02F2 /* Piranha */ = {
			isa = PBXNativeTarget;
			buildConfigurationList = E4B69B5F0A3A1757003C02F2 /* Build configuration list for PBXNativeTarget "Piranha" */;
			buildPhases = (
				E4B69B580A3A1756003C02F2 /* Sources */,
				E4B69B590A3A1756003C02F2 /* Frameworks */,
				E4B6FFFD0C3F9AB9008CF71C /* ShellScript */,
				E4C2427710CC5ABF004149E2 /* CopyFiles */,
			);
			buildRules = (
			);
			dependencies = (
				E4EEB9AC138B136A00A80321 /* PBXTargetDependency */,
			);
			name = Piranha;
			productName = myOFApp;
			productReference = E4B69B5B0A3A1756003C02F2 /* PiranhaDebug.app */;
			productType = "com.apple.product-type.application";
		};
/* End PBXNativeTarget section */

/* Begin PBXProject section */
		E4B69B4C0A3A1720003C02F2 /* Project object */ = {
			isa = PBXProject;
			attributes = {
				LastUpgradeCheck = 0600;
			};
			buildConfigurationList = E4B69B4D0A3A1720003C02F2 /* Build configuration list for PBXProject "Piranha" */;
			compatibilityVersion = "Xcode 3.2";
			developmentRegion = English;
			hasScannedForEncodings = 0;
			knownRegions = (
				English,
				Japanese,
				French,
				German,
			);
			mainGroup = E4B69B4A0A3A1720003C02F2;
			productRefGroup = E4B69B4A0A3A1720003C02F2;
			projectDirPath = "";
			projectReferences = (
				{
					ProductGroup = E4328144138ABC890047C5CB /* Products */;
					ProjectRef = E4328143138ABC890047C5CB /* openFrameworksLib.xcodeproj */;
				},
			);
			projectRoot = "";
			targets = (
				E4B69B5A0A3A1756003C02F2 /* Piranha */,
			);
		};
/* End PBXProject section */

/* Begin PBXReferenceProxy section */
		E4328148138ABC890047C5CB /* openFrameworksDebug.a */ = {
			isa = PBXReferenceProxy;
			fileType = archive.ar;
			path = openFrameworksDebug.a;
			remoteRef = E4328147138ABC890047C5CB /* PBXContainerItemProxy */;
			sourceTree = BUILT_PRODUCTS_DIR;
		};
/* End PBXReferenceProxy section */

/* Begin PBXShellScriptBuildPhase section */
		E4B6FFFD0C3F9AB9008CF71C /* ShellScript */ = {
			isa = PBXShellScriptBuildPhase;
			buildActionMask = 2147483647;
			files = (
			);
			inputPaths = (
			);
			outputPaths = (
			);
			runOnlyForDeploymentPostprocessing = 0;
			shellPath = /bin/sh;
			shellScript = "mkdir -p \"$TARGET_BUILD_DIR/$PRODUCT_NAME.app/Contents/Resources/\"\n# Copy default icon file into App/Resources\nrsync -aved \"$ICON_FILE\" \"$TARGET_BUILD_DIR/$PRODUCT_NAME.app/Contents/Resources/\"\n# Copy libfmod and change install directory for fmod to run\nrsync -aved ../../../libs/fmodex/lib/osx/libfmodex.dylib \"$TARGET_BUILD_DIR/$PRODUCT_NAME.app/Contents/Frameworks/\";\ninstall_name_tool -change @executable_path/libfmodex.dylib @executable_path/../Frameworks/libfmodex.dylib \"$TARGET_BUILD_DIR/$PRODUCT_NAME.app/Contents/MacOS/$PRODUCT_NAME\";\n# Copy GLUT framework (must remove for AppStore submissions)\nrsync -aved ../../../libs/glut/lib/osx/GLUT.framework \"$TARGET_BUILD_DIR/$PRODUCT_NAME.app/Contents/Frameworks/\"\n";
		};
/* End PBXShellScriptBuildPhase section */

/* Begin PBXSourcesBuildPhase section */
		E4B69B580A3A1756003C02F2 /* Sources */ = {
			isa = PBXSourcesBuildPhase;
			buildActionMask = 2147483647;
			files = (
				E4B69E200A3A1BDC003C02F2 /* main.cpp in Sources */,
				E4B69E210A3A1BDC003C02F2 /* ofApp.cpp in Sources */,
				0AE5FCAB0F4DAF01D7EE1ED8 /* ofApp.cpp~ in Sources */,
				209AFB107D047F65554FAE1E /* ofApp.h~ in Sources */,
				9DECE28DE972DD39553DD35C /* ofxHapPlayer.cpp in Sources */,
				D2589C81FE555C37DFA9890C /* hap.c in Sources */,
				9A375B432B98EE95A23FD001 /* AudioDecoder.cpp in Sources */,
				25F76A53846BBC81A84C5519 /* AudioParameters.cpp in Sources */,
				4B9BF6D1580B334023C9FA9F /* AudioResampler.cpp in Sources */,
				4774F36141444127CFF18422 /* AudioThread.cpp in Sources */,
				8B40DD2B41C58FF6B6907B86 /* Clock.cpp in Sources */,
				6D4C0ECBC21CF195A5BDBE31 /* Demuxer.cpp in Sources */,
				FCE78EB42A44ECB3261E18AB /* MovieTime.cpp in Sources */,
				2302C21FAE47D435CF095990 /* PacketCache.cpp in Sources */,
				4EC00043E3376C87F0ECA874 /* RingBuffer.cpp in Sources */,
				AF24098F3EE61E761F184C8F /* TimeRangeSet.cpp in Sources */,
				72A929D3561B8232A182ABFC /* ofxOscBundle.cpp in Sources */,
				5864AD82E20F15536D054EA3 /* ofxOscMessage.cpp in Sources */,
				4ADB88E2FB52E76A471065DE /* ofxOscParameterSync.cpp in Sources */,
				640279EE111671BD026CB013 /* ofxOscReceiver.cpp in Sources */,
				8F5205AEF8861EF234F0651A /* ofxOscSender.cpp in Sources */,
				ADE367465D2A8EBAD4C7A8D9 /* IpEndpointName.cpp in Sources */,
				67FE4C7B15C2F0478C8126C2 /* NetworkingUtils.cpp in Sources */,
				510CAFE035E576A4E1502D52 /* UdpSocket.cpp in Sources */,
				62545D179C94265CA1389D4A /* OscOutboundPacketStream.cpp in Sources */,
				C4782ECC372420ACE0615B74 /* OscPrintReceivedElements.cpp in Sources */,
				0546D1A38E13BD319CC9755B /* OscReceivedElements.cpp in Sources */,
				879A251454401BC0B6E4F238 /* OscTypes.cpp in Sources */,
				1F558B76FB3412843DDAA031 /* ofxSyphonClient.mm in Sources */,
				8D60C222CBD3F869382832E9 /* ofxSyphonServer.mm in Sources */,
				11DF9AB1B4EAA63E3B190CA0 /* ofxSyphonServerDirectory.mm in Sources */,
				C9109422648B170B07A778CF /* SyphonNameboundClient.m in Sources */,
				63B57AC5BF4EF088491E0317 /* ofxXmlSettings.cpp in Sources */,
				933A2227713C720CEFF80FD9 /* tinyxml.cpp in Sources */,
				9D44DC88EF9E7991B4A09951 /* tinyxmlerror.cpp in Sources */,
				5A4349E9754D6FA14C0F2A3A /* tinyxmlparser.cpp in Sources */,
			);
			runOnlyForDeploymentPostprocessing = 0;
		};
/* End PBXSourcesBuildPhase section */

/* Begin PBXTargetDependency section */
		E4EEB9AC138B136A00A80321 /* PBXTargetDependency */ = {
			isa = PBXTargetDependency;
			name = openFrameworks;
			targetProxy = E4EEB9AB138B136A00A80321 /* PBXContainerItemProxy */;
		};
/* End PBXTargetDependency section */

/* Begin XCBuildConfiguration section */
		E4B69B4E0A3A1720003C02F2 /* Debug */ = {
			isa = XCBuildConfiguration;
			baseConfigurationReference = E4EB6923138AFD0F00A09F29 /* Project.xcconfig */;
			buildSettings = {
				CONFIGURATION_BUILD_DIR = "$(SRCROOT)/bin/";
				COPY_PHASE_STRIP = NO;
				DEAD_CODE_STRIPPING = YES;
				GCC_AUTO_VECTORIZATION = YES;
				GCC_ENABLE_SSE3_EXTENSIONS = YES;
				GCC_ENABLE_SUPPLEMENTAL_SSE3_INSTRUCTIONS = YES;
				GCC_INLINES_ARE_PRIVATE_EXTERN = NO;
				GCC_OPTIMIZATION_LEVEL = 0;
				GCC_SYMBOLS_PRIVATE_EXTERN = NO;
				GCC_WARN_ABOUT_DEPRECATED_FUNCTIONS = YES;
				GCC_WARN_ABOUT_INVALID_OFFSETOF_MACRO = NO;
				GCC_WARN_ALLOW_INCOMPLETE_PROTOCOL = NO;
				GCC_WARN_UNINITIALIZED_AUTOS = NO;
				GCC_WARN_UNUSED_VALUE = NO;
				GCC_WARN_UNUSED_VARIABLE = NO;
				HEADER_SEARCH_PATHS = (
					"$(OF_CORE_HEADERS)",
					src,
					../../../addons/ofxHapPlayer/libs,
					../../../addons/ofxHapPlayer/libs/ffmpeg,
					../../../addons/ofxHapPlayer/libs/ffmpeg/include,
					../../../addons/ofxHapPlayer/libs/ffmpeg/lib,
					../../../addons/ofxHapPlayer/libs/ffmpeg/lib/osx,
					../../../addons/ofxHapPlayer/libs/hap,
					../../../addons/ofxHapPlayer/libs/hap/src,
					../../../addons/ofxHapPlayer/libs/ofxHap,
					../../../addons/ofxHapPlayer/libs/ofxHap/include,
					../../../addons/ofxHapPlayer/libs/ofxHap/include/ofxHap,
					../../../addons/ofxHapPlayer/libs/ofxHap/src,
					../../../addons/ofxHapPlayer/libs/snappy,
					../../../addons/ofxHapPlayer/libs/snappy/include,
					../../../addons/ofxHapPlayer/libs/snappy/lib,
					../../../addons/ofxHapPlayer/libs/snappy/lib/osx,
					../../../addons/ofxHapPlayer/libs/snappy/license,
					../../../addons/ofxHapPlayer/src,
					../../../addons/ofxOsc/libs,
					../../../addons/ofxOsc/libs/oscpack,
					../../../addons/ofxOsc/libs/oscpack/src,
					../../../addons/ofxOsc/libs/oscpack/src/ip,
					../../../addons/ofxOsc/libs/oscpack/src/ip/posix,
					../../../addons/ofxOsc/libs/oscpack/src/ip/win32,
					../../../addons/ofxOsc/libs/oscpack/src/osc,
					../../../addons/ofxOsc/src,
					../../../addons/ofxSyphon/libs,
					../../../addons/ofxSyphon/libs/Syphon,
					../../../addons/ofxSyphon/libs/Syphon/lib,
					../../../addons/ofxSyphon/libs/Syphon/lib/osx,
					../../../addons/ofxSyphon/libs/Syphon/src,
					../../../addons/ofxSyphon/src,
					../../../addons/ofxXmlSettings/libs,
					../../../addons/ofxXmlSettings/src,
				);
				MACOSX_DEPLOYMENT_TARGET = 10.8;
				ONLY_ACTIVE_ARCH = YES;
				OTHER_CPLUSPLUSFLAGS = (
					"-D__MACOSX_CORE__",
					"-mtune=native",
				);
				OTHER_LDFLAGS = (
					"$(OF_CORE_FRAMEWORKS)",
					"$(OF_CORE_LIBS)",
					../../../addons/ofxHapPlayer/libs/ffmpeg/lib/osx/libavcodec.57.64.101.dylib,
					../../../addons/ofxHapPlayer/libs/ffmpeg/lib/osx/libavcodec.57.64.101.dylib,
					../../../addons/ofxHapPlayer/libs/ffmpeg/lib/osx/libavcodec.57.64.101.dylib,
					../../../addons/ofxHapPlayer/libs/ffmpeg/lib/osx/libavformat.57.56.101.dylib,
					../../../addons/ofxHapPlayer/libs/ffmpeg/lib/osx/libavformat.57.56.101.dylib,
					../../../addons/ofxHapPlayer/libs/ffmpeg/lib/osx/libavformat.57.56.101.dylib,
					../../../addons/ofxHapPlayer/libs/ffmpeg/lib/osx/libavutil.55.34.101.dylib,
					../../../addons/ofxHapPlayer/libs/ffmpeg/lib/osx/libavutil.55.34.101.dylib,
					../../../addons/ofxHapPlayer/libs/ffmpeg/lib/osx/libavutil.55.34.101.dylib,
					../../../addons/ofxHapPlayer/libs/ffmpeg/lib/osx/libswresample.2.3.100.dylib,
					../../../addons/ofxHapPlayer/libs/ffmpeg/lib/osx/libswresample.2.3.100.dylib,
					../../../addons/ofxHapPlayer/libs/ffmpeg/lib/osx/libswresample.2.3.100.dylib,
					../../../addons/ofxHapPlayer/libs/snappy/lib/osx/libsnappy.1.dylib,
					../../../addons/ofxHapPlayer/libs/snappy/lib/osx/libsnappy.1.dylib,
					"-rpath",
					"@loader_path/../../../../../../../addons/ofxHapPlayer/libs",
				);
				SDKROOT = macosx;
			};
			name = Debug;
		};
		E4B69B4F0A3A1720003C02F2 /* Release */ = {
			isa = XCBuildConfiguration;
			baseConfigurationReference = E4EB6923138AFD0F00A09F29 /* Project.xcconfig */;
			buildSettings = {
				CONFIGURATION_BUILD_DIR = "$(SRCROOT)/bin/";
				COPY_PHASE_STRIP = YES;
				DEAD_CODE_STRIPPING = YES;
				GCC_AUTO_VECTORIZATION = YES;
				GCC_ENABLE_SSE3_EXTENSIONS = YES;
				GCC_ENABLE_SUPPLEMENTAL_SSE3_INSTRUCTIONS = YES;
				GCC_INLINES_ARE_PRIVATE_EXTERN = NO;
				GCC_OPTIMIZATION_LEVEL = 3;
				GCC_SYMBOLS_PRIVATE_EXTERN = NO;
				GCC_UNROLL_LOOPS = YES;
				GCC_WARN_ABOUT_DEPRECATED_FUNCTIONS = YES;
				GCC_WARN_ABOUT_INVALID_OFFSETOF_MACRO = NO;
				GCC_WARN_ALLOW_INCOMPLETE_PROTOCOL = NO;
				GCC_WARN_UNINITIALIZED_AUTOS = NO;
				GCC_WARN_UNUSED_VALUE = NO;
				GCC_WARN_UNUSED_VARIABLE = NO;
				HEADER_SEARCH_PATHS = (
					"$(OF_CORE_HEADERS)",
					src,
					../../../addons/ofxHapPlayer/libs,
					../../../addons/ofxHapPlayer/libs/ffmpeg,
					../../../addons/ofxHapPlayer/libs/ffmpeg/include,
					../../../addons/ofxHapPlayer/libs/ffmpeg/lib,
					../../../addons/ofxHapPlayer/libs/ffmpeg/lib/osx,
					../../../addons/ofxHapPlayer/libs/hap,
					../../../addons/ofxHapPlayer/libs/hap/src,
					../../../addons/ofxHapPlayer/libs/ofxHap,
					../../../addons/ofxHapPlayer/libs/ofxHap/include,
					../../../addons/ofxHapPlayer/libs/ofxHap/include/ofxHap,
					../../../addons/ofxHapPlayer/libs/ofxHap/src,
					../../../addons/ofxHapPlayer/libs/snappy,
					../../../addons/ofxHapPlayer/libs/snappy/include,
					../../../addons/ofxHapPlayer/libs/snappy/lib,
					../../../addons/ofxHapPlayer/libs/snappy/lib/osx,
					../../../addons/ofxHapPlayer/libs/snappy/license,
					../../../addons/ofxHapPlayer/src,
					../../../addons/ofxOsc/libs,
					../../../addons/ofxOsc/libs/oscpack,
					../../../addons/ofxOsc/libs/oscpack/src,
					../../../addons/ofxOsc/libs/oscpack/src/ip,
					../../../addons/ofxOsc/libs/oscpack/src/ip/posix,
					../../../addons/ofxOsc/libs/oscpack/src/ip/win32,
					../../../addons/ofxOsc/libs/oscpack/src/osc,
					../../../addons/ofxOsc/src,
					../../../addons/ofxSyphon/libs,
					../../../addons/ofxSyphon/libs/Syphon,
					../../../addons/ofxSyphon/libs/Syphon/lib,
					../../../addons/ofxSyphon/libs/Syphon/lib/osx,
					../../../addons/ofxSyphon/libs/Syphon/src,
					../../../addons/ofxSyphon/src,
					../../../addons/ofxXmlSettings/libs,
					../../../addons/ofxXmlSettings/src,
				);
				MACOSX_DEPLOYMENT_TARGET = 10.8;
				OTHER_CPLUSPLUSFLAGS = (
					"-D__MACOSX_CORE__",
					"-mtune=native",
				);
				OTHER_LDFLAGS = (
					"$(OF_CORE_FRAMEWORKS)",
					"$(OF_CORE_LIBS)",
					../../../addons/ofxHapPlayer/libs/ffmpeg/lib/osx/libavcodec.57.64.101.dylib,
					../../../addons/ofxHapPlayer/libs/ffmpeg/lib/osx/libavcodec.57.64.101.dylib,
					../../../addons/ofxHapPlayer/libs/ffmpeg/lib/osx/libavcodec.57.64.101.dylib,
					../../../addons/ofxHapPlayer/libs/ffmpeg/lib/osx/libavformat.57.56.101.dylib,
					../../../addons/ofxHapPlayer/libs/ffmpeg/lib/osx/libavformat.57.56.101.dylib,
					../../../addons/ofxHapPlayer/libs/ffmpeg/lib/osx/libavformat.57.56.101.dylib,
					../../../addons/ofxHapPlayer/libs/ffmpeg/lib/osx/libavutil.55.34.101.dylib,
					../../../addons/ofxHapPlayer/libs/ffmpeg/lib/osx/libavutil.55.34.101.dylib,
					../../../addons/ofxHapPlayer/libs/ffmpeg/lib/osx/libavutil.55.34.101.dylib,
					../../../addons/ofxHapPlayer/libs/ffmpeg/lib/osx/libswresample.2.3.100.dylib,
					../../../addons/ofxHapPlayer/libs/ffmpeg/lib/osx/libswresample.2.3.100.dylib,
					../../../addons/ofxHapPlayer/libs/ffmpeg/lib/osx/libswresample.2.3.100.dylib,
					../../../addons/ofxHapPlayer/libs/snappy/lib/osx/libsnappy.1.dylib,
					../../../addons/ofxHapPlayer/libs/snappy/lib/osx/libsnappy.1.dylib,
					"-rpath",
					"@loader_path/../../../../../../../addons/ofxHapPlayer/libs",
				);
				SDKROOT = macosx;
			};
			name = Release;
		};
		E4B69B600A3A1757003C02F2 /* Debug */ = {
			isa = XCBuildConfiguration;
			baseConfigurationReference = E4EB6923138AFD0F00A09F29 /* Project.xcconfig */;
			buildSettings = {
				COMBINE_HIDPI_IMAGES = YES;
				COPY_PHASE_STRIP = NO;
				FRAMEWORK_SEARCH_PATHS = (
					"$(inherited)",
					"$(FRAMEWORK_SEARCH_PATHS_QUOTED_FOR_TARGET_1)",
					../../../addons/ofxSyphon/libs/Syphon/lib/osx,
				);
				FRAMEWORK_SEARCH_PATHS_QUOTED_FOR_TARGET_1 = "\"$(SRCROOT)/../../../libs/glut/lib/osx\"";
				GCC_DYNAMIC_NO_PIC = NO;
				GCC_GENERATE_DEBUGGING_SYMBOLS = YES;
				GCC_MODEL_TUNING = NONE;
				HEADER_SEARCH_PATHS = (
					"$(OF_CORE_HEADERS)",
					src,
					../../../addons/ofxHapPlayer/libs,
					../../../addons/ofxHapPlayer/libs/ffmpeg,
					../../../addons/ofxHapPlayer/libs/ffmpeg/include,
					../../../addons/ofxHapPlayer/libs/ffmpeg/lib,
					../../../addons/ofxHapPlayer/libs/ffmpeg/lib/osx,
					../../../addons/ofxHapPlayer/libs/hap,
					../../../addons/ofxHapPlayer/libs/hap/src,
					../../../addons/ofxHapPlayer/libs/ofxHap,
					../../../addons/ofxHapPlayer/libs/ofxHap/include,
					../../../addons/ofxHapPlayer/libs/ofxHap/include/ofxHap,
					../../../addons/ofxHapPlayer/libs/ofxHap/src,
					../../../addons/ofxHapPlayer/libs/snappy,
					../../../addons/ofxHapPlayer/libs/snappy/include,
					../../../addons/ofxHapPlayer/libs/snappy/lib,
					../../../addons/ofxHapPlayer/libs/snappy/lib/osx,
					../../../addons/ofxHapPlayer/libs/snappy/license,
					../../../addons/ofxHapPlayer/src,
					../../../addons/ofxOsc/libs,
					../../../addons/ofxOsc/libs/oscpack,
					../../../addons/ofxOsc/libs/oscpack/src,
					../../../addons/ofxOsc/libs/oscpack/src/ip,
					../../../addons/ofxOsc/libs/oscpack/src/ip/posix,
					../../../addons/ofxOsc/libs/oscpack/src/ip/win32,
					../../../addons/ofxOsc/libs/oscpack/src/osc,
					../../../addons/ofxOsc/src,
					../../../addons/ofxSyphon/libs,
					../../../addons/ofxSyphon/libs/Syphon,
					../../../addons/ofxSyphon/libs/Syphon/lib,
					../../../addons/ofxSyphon/libs/Syphon/lib/osx,
					../../../addons/ofxSyphon/libs/Syphon/src,
					../../../addons/ofxSyphon/src,
					../../../addons/ofxXmlSettings/libs,
					../../../addons/ofxXmlSettings/src,
				);
				ICON = "$(ICON_NAME_DEBUG)";
				ICON_FILE = "$(ICON_FILE_PATH)$(ICON)";
				INFOPLIST_FILE = "openFrameworks-Info.plist";
				INSTALL_PATH = /Applications;
				LIBRARY_SEARCH_PATHS = "$(inherited)";
				OTHER_LDFLAGS = (
					"$(OF_CORE_FRAMEWORKS)",
					"$(OF_CORE_LIBS)",
					../../../addons/ofxHapPlayer/libs/ffmpeg/lib/osx/libavcodec.57.64.101.dylib,
					../../../addons/ofxHapPlayer/libs/ffmpeg/lib/osx/libavcodec.57.64.101.dylib,
					../../../addons/ofxHapPlayer/libs/ffmpeg/lib/osx/libavcodec.57.64.101.dylib,
					../../../addons/ofxHapPlayer/libs/ffmpeg/lib/osx/libavformat.57.56.101.dylib,
					../../../addons/ofxHapPlayer/libs/ffmpeg/lib/osx/libavformat.57.56.101.dylib,
					../../../addons/ofxHapPlayer/libs/ffmpeg/lib/osx/libavformat.57.56.101.dylib,
					../../../addons/ofxHapPlayer/libs/ffmpeg/lib/osx/libavutil.55.34.101.dylib,
					../../../addons/ofxHapPlayer/libs/ffmpeg/lib/osx/libavutil.55.34.101.dylib,
					../../../addons/ofxHapPlayer/libs/ffmpeg/lib/osx/libavutil.55.34.101.dylib,
					../../../addons/ofxHapPlayer/libs/ffmpeg/lib/osx/libswresample.2.3.100.dylib,
					../../../addons/ofxHapPlayer/libs/ffmpeg/lib/osx/libswresample.2.3.100.dylib,
					../../../addons/ofxHapPlayer/libs/ffmpeg/lib/osx/libswresample.2.3.100.dylib,
					../../../addons/ofxHapPlayer/libs/snappy/lib/osx/libsnappy.1.dylib,
					../../../addons/ofxHapPlayer/libs/snappy/lib/osx/libsnappy.1.dylib,
					"-rpath",
					"@loader_path/../../../../../../../addons/ofxHapPlayer/libs",
				);
				PRODUCT_NAME = "$(TARGET_NAME)Debug";
				WRAPPER_EXTENSION = app;
			};
			name = Debug;
		};
		E4B69B610A3A1757003C02F2 /* Release */ = {
			isa = XCBuildConfiguration;
			baseConfigurationReference = E4EB6923138AFD0F00A09F29 /* Project.xcconfig */;
			buildSettings = {
				COMBINE_HIDPI_IMAGES = YES;
				COPY_PHASE_STRIP = YES;
				FRAMEWORK_SEARCH_PATHS = (
					"$(inherited)",
					"$(FRAMEWORK_SEARCH_PATHS_QUOTED_FOR_TARGET_1)",
					../../../addons/ofxSyphon/libs/Syphon/lib/osx,
				);
				FRAMEWORK_SEARCH_PATHS_QUOTED_FOR_TARGET_1 = "\"$(SRCROOT)/../../../libs/glut/lib/osx\"";
				GCC_GENERATE_DEBUGGING_SYMBOLS = YES;
				GCC_MODEL_TUNING = NONE;
				HEADER_SEARCH_PATHS = (
					"$(OF_CORE_HEADERS)",
					src,
					../../../addons/ofxHapPlayer/libs,
					../../../addons/ofxHapPlayer/libs/ffmpeg,
					../../../addons/ofxHapPlayer/libs/ffmpeg/include,
					../../../addons/ofxHapPlayer/libs/ffmpeg/lib,
					../../../addons/ofxHapPlayer/libs/ffmpeg/lib/osx,
					../../../addons/ofxHapPlayer/libs/hap,
					../../../addons/ofxHapPlayer/libs/hap/src,
					../../../addons/ofxHapPlayer/libs/ofxHap,
					../../../addons/ofxHapPlayer/libs/ofxHap/include,
					../../../addons/ofxHapPlayer/libs/ofxHap/include/ofxHap,
					../../../addons/ofxHapPlayer/libs/ofxHap/src,
					../../../addons/ofxHapPlayer/libs/snappy,
					../../../addons/ofxHapPlayer/libs/snappy/include,
					../../../addons/ofxHapPlayer/libs/snappy/lib,
					../../../addons/ofxHapPlayer/libs/snappy/lib/osx,
					../../../addons/ofxHapPlayer/libs/snappy/license,
					../../../addons/ofxHapPlayer/src,
					../../../addons/ofxOsc/libs,
					../../../addons/ofxOsc/libs/oscpack,
					../../../addons/ofxOsc/libs/oscpack/src,
					../../../addons/ofxOsc/libs/oscpack/src/ip,
					../../../addons/ofxOsc/libs/oscpack/src/ip/posix,
					../../../addons/ofxOsc/libs/oscpack/src/ip/win32,
					../../../addons/ofxOsc/libs/oscpack/src/osc,
					../../../addons/ofxOsc/src,
					../../../addons/ofxSyphon/libs,
					../../../addons/ofxSyphon/libs/Syphon,
					../../../addons/ofxSyphon/libs/Syphon/lib,
					../../../addons/ofxSyphon/libs/Syphon/lib/osx,
					../../../addons/ofxSyphon/libs/Syphon/src,
					../../../addons/ofxSyphon/src,
					../../../addons/ofxXmlSettings/libs,
					../../../addons/ofxXmlSettings/src,
				);
				ICON = "$(ICON_NAME_RELEASE)";
				ICON_FILE = "$(ICON_FILE_PATH)$(ICON)";
				INFOPLIST_FILE = "openFrameworks-Info.plist";
				INSTALL_PATH = /Applications;
				LIBRARY_SEARCH_PATHS = "$(inherited)";
				OTHER_LDFLAGS = (
					"$(OF_CORE_FRAMEWORKS)",
					"$(OF_CORE_LIBS)",
					../../../addons/ofxHapPlayer/libs/ffmpeg/lib/osx/libavcodec.57.64.101.dylib,
					../../../addons/ofxHapPlayer/libs/ffmpeg/lib/osx/libavcodec.57.64.101.dylib,
					../../../addons/ofxHapPlayer/libs/ffmpeg/lib/osx/libavcodec.57.64.101.dylib,
					../../../addons/ofxHapPlayer/libs/ffmpeg/lib/osx/libavformat.57.56.101.dylib,
					../../../addons/ofxHapPlayer/libs/ffmpeg/lib/osx/libavformat.57.56.101.dylib,
					../../../addons/ofxHapPlayer/libs/ffmpeg/lib/osx/libavformat.57.56.101.dylib,
					../../../addons/ofxHapPlayer/libs/ffmpeg/lib/osx/libavutil.55.34.101.dylib,
					../../../addons/ofxHapPlayer/libs/ffmpeg/lib/osx/libavutil.55.34.101.dylib,
					../../../addons/ofxHapPlayer/libs/ffmpeg/lib/osx/libavutil.55.34.101.dylib,
					../../../addons/ofxHapPlayer/libs/ffmpeg/lib/osx/libswresample.2.3.100.dylib,
					../../../addons/ofxHapPlayer/libs/ffmpeg/lib/osx/libswresample.2.3.100.dylib,
					../../../addons/ofxHapPlayer/libs/ffmpeg/lib/osx/libswresample.2.3.100.dylib,
					../../../addons/ofxHapPlayer/libs/snappy/lib/osx/libsnappy.1.dylib,
					../../../addons/ofxHapPlayer/libs/snappy/lib/osx/libsnappy.1.dylib,
					"-rpath",
					"@loader_path/../../../../../../../addons/ofxHapPlayer/libs",
				);
				PRODUCT_NAME = "$(TARGET_NAME)";
				WRAPPER_EXTENSION = app;
				baseConfigurationReference = E4EB6923138AFD0F00A09F29;
			};
			name = Release;
		};
/* End XCBuildConfiguration section */

/* Begin XCConfigurationList section */
		E4B69B4D0A3A1720003C02F2 /* Build configuration list for PBXProject "Piranha" */ = {
			isa = XCConfigurationList;
			buildConfigurations = (
				E4B69B4E0A3A1720003C02F2 /* Debug */,
				E4B69B4F0A3A1720003C02F2 /* Release */,
			);
			defaultConfigurationIsVisible = 0;
			defaultConfigurationName = Release;
		};
		E4B69B5F0A3A1757003C02F2 /* Build configuration list for PBXNativeTarget "Piranha" */ = {
			isa = XCConfigurationList;
			buildConfigurations = (
				E4B69B600A3A1757003C02F2 /* Debug */,
				E4B69B610A3A1757003C02F2 /* Release */,
			);
			defaultConfigurationIsVisible = 0;
			defaultConfigurationName = Release;
		};
/* End XCConfigurationList section */
	};
	rootObject = E4B69B4C0A3A1720003C02F2 /* Project object */;
}
